Microsoft Visual Studio Solution File, Format Version 12.00
# Visual Studio 2013
VisualStudioVersion = 12.0.30110.0
MinimumVisualStudioVersion = 10.0.40219.1
Project("{8BC9CEB8-8B4A-11D0-8D11-00A0C91BC942}") = "VRPNWrapper", "VRPNWrapper.vcxproj", "{05036C7A-18C6-4A79-BC31-3ABD5C3B0593}"
EndProject
Project("{8BC9CEB8-8B4A-11D0-8D11-00A0C91BC942}") = "gpsnmealib", "..\..\..\vrpn\gpsnmealib\gpsnmealib.vcxproj", "{D60E311B-657F-444E-9A0E-5218B37D5551}"
EndProject
Project("{8BC9CEB8-8B4A-11D0-8D11-00A0C91BC942}") = "vrpn", "..\..\..\vrpn\vrpn.vcxproj", "{7EE1DB03-16A5-4465-9164-061BE0C88B8C}"
EndProject
Project("{8BC9CEB8-8B4A-11D0-8D11-00A0C91BC942}") = "vrpn_server", "..\..\..\vrpn\server_src\vrpn_server.vcxproj", "{92162D21-8739-4DF2-89AC-7629B294F1C4}"
EndProject
Project("{8BC9CEB8-8B4A-11D0-8D11-00A0C91BC942}") = "quatlib", "..\..\..\vrpn\quat\quatlib.vcxproj", "{0C16E98C-A372-4E58-990D-EE276B32644E}"
EndProject
Global
	GlobalSection(SolutionConfigurationPlatforms) = preSolution
		Debug|Win32 = Debug|Win32
		Release|Win32 = Release|Win32
	EndGlobalSection
	GlobalSection(ProjectConfigurationPlatforms) = postSolution
		{05036C7A-18C6-4A79-BC31-3ABD5C3B0593}.Debug|Win32.ActiveCfg = Debug|Win32
		{05036C7A-18C6-4A79-BC31-3ABD5C3B0593}.Debug|Win32.Build.0 = Debug|Win32
		{05036C7A-18C6-4A79-BC31-3ABD5C3B0593}.Release|Win32.ActiveCfg = Release|Win32
		{05036C7A-18C6-4A79-BC31-3ABD5C3B0593}.Release|Win32.Build.0 = Release|Win32
		{D60E311B-657F-444E-9A0E-5218B37D5551}.Debug|Win32.ActiveCfg = Debug|Win32
		{D60E311B-657F-444E-9A0E-5218B37D5551}.Debug|Win32.Build.0 = Debug|Win32
		{D60E311B-657F-444E-9A0E-5218B37D5551}.Release|Win32.ActiveCfg = Release|Win32
		{D60E311B-657F-444E-9A0E-5218B37D5551}.Release|Win32.Build.0 = Release|Win32
		{7EE1DB03-16A5-4465-9164-061BE0C88B8C}.Debug|Win32.ActiveCfg = Debug|Win32
		{7EE1DB03-16A5-4465-9164-061BE0C88B8C}.Debug|Win32.Build.0 = Debug|Win32
		{7EE1DB03-16A5-4465-9164-061BE0C88B8C}.Release|Win32.ActiveCfg = Release|Win32
		{7EE1DB03-16A5-4465-9164-061BE0C88B8C}.Release|Win32.Build.0 = Release|Win32
		{92162D21-8739-4DF2-89AC-7629B294F1C4}.Debug|Win32.ActiveCfg = Debug|Win32
		{92162D21-8739-4DF2-89AC-7629B294F1C4}.Debug|Win32.Build.0 = Debug|Win32
		{92162D21-8739-4DF2-89AC-7629B294F1C4}.Release|Win32.ActiveCfg = Release|Win32
		{92162D21-8739-4DF2-89AC-7629B294F1C4}.Release|Win32.Build.0 = Release|Win32
		{0C16E98C-A372-4E58-990D-EE276B32644E}.Debug|Win32.ActiveCfg = Debug|Win32
		{0C16E98C-A372-4E58-990D-EE276B32644E}.Debug|Win32.Build.0 = Debug|Win32
		{0C16E98C-A372-4E58-990D-EE276B32644E}.Release|Win32.ActiveCfg = Release|Win32
		{0C16E98C-A372-4E58-990D-EE276B32644E}.Release|Win32.Build.0 = Release|Win32
	EndGlobalSection
	GlobalSection(SolutionProperties) = preSolution
		HideSolutionNode = FALSE
	EndGlobalSection
EndGlobal
